// !$*UTF8*$!
{
	archiveVersion = 1;
	classes = {
	};
	objectVersion = 56;
	objects = {

/* Begin PBXBuildFile section */
		0ADCD65B2A83277400B5B0BF /* StadiumScoutApp.swift in Sources */ = {isa = PBXBuildFile; fileRef = 0ADCD65A2A83277400B5B0BF /* StadiumScoutApp.swift */; };
		0ADCD65D2A83277400B5B0BF /* ContentView.swift in Sources */ = {isa = PBXBuildFile; fileRef = 0ADCD65C2A83277400B5B0BF /* ContentView.swift */; };
		0ADCD6622A83277600B5B0BF /* Preview Assets.xcassets in Resources */ = {isa = PBXBuildFile; fileRef = 0ADCD6612A83277600B5B0BF /* Preview Assets.xcassets */; };
		0ADCD6692A83285500B5B0BF /* Assets.xcassets in Resources */ = {isa = PBXBuildFile; fileRef = 0ADCD6682A83285500B5B0BF /* Assets.xcassets */; };
		0ADCD66F2A8329E900B5B0BF /* Location.swift in Sources */ = {isa = PBXBuildFile; fileRef = 0ADCD66E2A8329E900B5B0BF /* Location.swift */; };
		0ADCD6722A832B0C00B5B0BF /* LocationsDataService.swift in Sources */ = {isa = PBXBuildFile; fileRef = 0ADCD6712A832B0C00B5B0BF /* LocationsDataService.swift */; };
		0ADCD6742A832CDA00B5B0BF /* LocationsView.swift in Sources */ = {isa = PBXBuildFile; fileRef = 0ADCD6732A832CDA00B5B0BF /* LocationsView.swift */; };
		0ADCD6762A83307900B5B0BF /* LocationsViewModel.swift in Sources */ = {isa = PBXBuildFile; fileRef = 0ADCD6752A83307900B5B0BF /* LocationsViewModel.swift */; };
		0ADCD6782A833E4500B5B0BF /* LocationsListView.swift in Sources */ = {isa = PBXBuildFile; fileRef = 0ADCD6772A833E4500B5B0BF /* LocationsListView.swift */; };
		0ADCD67A2A83464D00B5B0BF /* LocationPreviewView.swift in Sources */ = {isa = PBXBuildFile; fileRef = 0ADCD6792A83464D00B5B0BF /* LocationPreviewView.swift */; };
		0ADCD67C2A8429A500B5B0BF /* LocationMapAnnotationView.swift in Sources */ = {isa = PBXBuildFile; fileRef = 0ADCD67B2A8429A500B5B0BF /* LocationMapAnnotationView.swift */; };
		0ADCD67E2A842D2C00B5B0BF /* LocationDetailView.swift in Sources */ = {isa = PBXBuildFile; fileRef = 0ADCD67D2A842D2C00B5B0BF /* LocationDetailView.swift */; };
/* End PBXBuildFile section */

/* Begin PBXFileReference section */
		0ADCD6572A83277400B5B0BF /* StadiumScout.app */ = {isa = PBXFileReference; explicitFileType = wrapper.application; includeInIndex = 0; path = StadiumScout.app; sourceTree = BUILT_PRODUCTS_DIR; };
		0ADCD65A2A83277400B5B0BF /* StadiumScoutApp.swift */ = {isa = PBXFileReference; lastKnownFileType = sourcecode.swift; path = StadiumScoutApp.swift; sourceTree = "<group>"; };
		0ADCD65C2A83277400B5B0BF /* ContentView.swift */ = {isa = PBXFileReference; lastKnownFileType = sourcecode.swift; path = ContentView.swift; sourceTree = "<group>"; };
		0ADCD6612A83277600B5B0BF /* Preview Assets.xcassets */ = {isa = PBXFileReference; lastKnownFileType = folder.assetcatalog; path = "Preview Assets.xcassets"; sourceTree = "<group>"; };
		0ADCD6682A83285500B5B0BF /* Assets.xcassets */ = {isa = PBXFileReference; lastKnownFileType = folder.assetcatalog; path = Assets.xcassets; sourceTree = "<group>"; };
		0ADCD66E2A8329E900B5B0BF /* Location.swift */ = {isa = PBXFileReference; lastKnownFileType = sourcecode.swift; path = Location.swift; sourceTree = "<group>"; };
		0ADCD6712A832B0C00B5B0BF /* LocationsDataService.swift */ = {isa = PBXFileReference; fileEncoding = 4; lastKnownFileType = sourcecode.swift; path = LocationsDataService.swift; sourceTree = "<group>"; };
		0ADCD6732A832CDA00B5B0BF /* LocationsView.swift */ = {isa = PBXFileReference; lastKnownFileType = sourcecode.swift; path = LocationsView.swift; sourceTree = "<group>"; };
		0ADCD6752A83307900B5B0BF /* LocationsViewModel.swift */ = {isa = PBXFileReference; lastKnownFileType = sourcecode.swift; path = LocationsViewModel.swift; sourceTree = "<group>"; };
		0ADCD6772A833E4500B5B0BF /* LocationsListView.swift */ = {isa = PBXFileReference; lastKnownFileType = sourcecode.swift; path = LocationsListView.swift; sourceTree = "<group>"; };
		0ADCD6792A83464D00B5B0BF /* LocationPreviewView.swift */ = {isa = PBXFileReference; lastKnownFileType = sourcecode.swift; path = LocationPreviewView.swift; sourceTree = "<group>"; };
		0ADCD67B2A8429A500B5B0BF /* LocationMapAnnotationView.swift */ = {isa = PBXFileReference; lastKnownFileType = sourcecode.swift; path = LocationMapAnnotationView.swift; sourceTree = "<group>"; };
		0ADCD67D2A842D2C00B5B0BF /* LocationDetailView.swift */ = {isa = PBXFileReference; lastKnownFileType = sourcecode.swift; path = LocationDetailView.swift; sourceTree = "<group>"; };
		0AF0E3A62A8480D0001E90DB /* Info.plist */ = {isa = PBXFileReference; lastKnownFileType = text.plist; path = Info.plist; sourceTree = "<group>"; };
/* End PBXFileReference section */

/* Begin PBXFrameworksBuildPhase section */
		0ADCD6542A83277400B5B0BF /* Frameworks */ = {
			isa = PBXFrameworksBuildPhase;
			buildActionMask = 2147483647;
			files = (
			);
			runOnlyForDeploymentPostprocessing = 0;
		};
/* End PBXFrameworksBuildPhase section */

/* Begin PBXGroup section */
		0ADCD64E2A83277400B5B0BF = {
			isa = PBXGroup;
			children = (
				0ADCD6592A83277400B5B0BF /* StadiumScout */,
				0ADCD6582A83277400B5B0BF /* Products */,
			);
			sourceTree = "<group>";
		};
		0ADCD6582A83277400B5B0BF /* Products */ = {
			isa = PBXGroup;
			children = (
				0ADCD6572A83277400B5B0BF /* StadiumScout.app */,
			);
			name = Products;
			sourceTree = "<group>";
		};
		0ADCD6592A83277400B5B0BF /* StadiumScout */ = {
			isa = PBXGroup;
			children = (
				0AF0E3A62A8480D0001E90DB /* Info.plist */,
				0ADCD65A2A83277400B5B0BF /* StadiumScoutApp.swift */,
				0ADCD65C2A83277400B5B0BF /* ContentView.swift */,
				0ADCD6702A832AD600B5B0BF /* DataServices */,
				0ADCD66B2A83299200B5B0BF /* Models */,
				0ADCD66D2A8329A800B5B0BF /* ViewModels */,
				0ADCD66C2A8329A200B5B0BF /* Views */,
				0ADCD6682A83285500B5B0BF /* Assets.xcassets */,
				0ADCD6602A83277600B5B0BF /* Preview Content */,
			);
			path = StadiumScout;
			sourceTree = "<group>";
		};
		0ADCD6602A83277600B5B0BF /* Preview Content */ = {
			isa = PBXGroup;
			children = (
				0ADCD6612A83277600B5B0BF /* Preview Assets.xcassets */,
			);
			path = "Preview Content";
			sourceTree = "<group>";
		};
		0ADCD66B2A83299200B5B0BF /* Models */ = {
			isa = PBXGroup;
			children = (
				0ADCD66E2A8329E900B5B0BF /* Location.swift */,
			);
			path = Models;
			sourceTree = "<group>";
		};
		0ADCD66C2A8329A200B5B0BF /* Views */ = {
			isa = PBXGroup;
			children = (
				0ADCD6732A832CDA00B5B0BF /* LocationsView.swift */,
				0ADCD6772A833E4500B5B0BF /* LocationsListView.swift */,
				0ADCD6792A83464D00B5B0BF /* LocationPreviewView.swift */,
				0ADCD67B2A8429A500B5B0BF /* LocationMapAnnotationView.swift */,
				0ADCD67D2A842D2C00B5B0BF /* LocationDetailView.swift */,
			);
			path = Views;
			sourceTree = "<group>";
		};
		0ADCD66D2A8329A800B5B0BF /* ViewModels */ = {
			isa = PBXGroup;
			children = (
				0ADCD6752A83307900B5B0BF /* LocationsViewModel.swift */,
			);
			path = ViewModels;
			sourceTree = "<group>";
		};
		0ADCD6702A832AD600B5B0BF /* DataServices */ = {
			isa = PBXGroup;
			children = (
				0ADCD6712A832B0C00B5B0BF /* LocationsDataService.swift */,
			);
			path = DataServices;
			sourceTree = "<group>";
		};
/* End PBXGroup section */

/* Begin PBXNativeTarget section */
		0ADCD6562A83277400B5B0BF /* StadiumScout */ = {
			isa = PBXNativeTarget;
			buildConfigurationList = 0ADCD6652A83277600B5B0BF /* Build configuration list for PBXNativeTarget "StadiumScout" */;
			buildPhases = (
				0ADCD6532A83277400B5B0BF /* Sources */,
				0ADCD6542A83277400B5B0BF /* Frameworks */,
				0ADCD6552A83277400B5B0BF /* Resources */,
			);
			buildRules = (
			);
			dependencies = (
			);
			name = StadiumScout;
			productName = StadiumScout;
			productReference = 0ADCD6572A83277400B5B0BF /* StadiumScout.app */;
			productType = "com.apple.product-type.application";
		};
/* End PBXNativeTarget section */

/* Begin PBXProject section */
		0ADCD64F2A83277400B5B0BF /* Project object */ = {
			isa = PBXProject;
			attributes = {
				BuildIndependentTargetsInParallel = 1;
				LastSwiftUpdateCheck = 1420;
				LastUpgradeCheck = 1420;
				TargetAttributes = {
					0ADCD6562A83277400B5B0BF = {
						CreatedOnToolsVersion = 14.2;
					};
				};
			};
			buildConfigurationList = 0ADCD6522A83277400B5B0BF /* Build configuration list for PBXProject "StadiumScout" */;
			compatibilityVersion = "Xcode 14.0";
			developmentRegion = en;
			hasScannedForEncodings = 0;
			knownRegions = (
				en,
				Base,
			);
			mainGroup = 0ADCD64E2A83277400B5B0BF;
			productRefGroup = 0ADCD6582A83277400B5B0BF /* Products */;
			projectDirPath = "";
			projectRoot = "";
			targets = (
				0ADCD6562A83277400B5B0BF /* StadiumScout */,
			);
		};
/* End PBXProject section */

/* Begin PBXResourcesBuildPhase section */
		0ADCD6552A83277400B5B0BF /* Resources */ = {
			isa = PBXResourcesBuildPhase;
			buildActionMask = 2147483647;
			files = (
				0ADCD6692A83285500B5B0BF /* Assets.xcassets in Resources */,
				0ADCD6622A83277600B5B0BF /* Preview Assets.xcassets in Resources */,
			);
			runOnlyForDeploymentPostprocessing = 0;
		};
/* End PBXResourcesBuildPhase section */

/* Begin PBXSourcesBuildPhase section */
		0ADCD6532A83277400B5B0BF /* Sources */ = {
			isa = PBXSourcesBuildPhase;
			buildActionMask = 2147483647;
			files = (
				0ADCD6722A832B0C00B5B0BF /* LocationsDataService.swift in Sources */,
				0ADCD67C2A8429A500B5B0BF /* LocationMapAnnotationView.swift in Sources */,
				0ADCD6782A833E4500B5B0BF /* LocationsListView.swift in Sources */,
				0ADCD67A2A83464D00B5B0BF /* LocationPreviewView.swift in Sources */,
				0ADCD6762A83307900B5B0BF /* LocationsViewModel.swift in Sources */,
				0ADCD65D2A83277400B5B0BF /* ContentView.swift in Sources */,
				0ADCD6742A832CDA00B5B0BF /* LocationsView.swift in Sources */,
				0ADCD66F2A8329E900B5B0BF /* Location.swift in Sources */,
				0ADCD67E2A842D2C00B5B0BF /* LocationDetailView.swift in Sources */,
				0ADCD65B2A83277400B5B0BF /* StadiumScoutApp.swift in Sources */,
			);
			runOnlyForDeploymentPostprocessing = 0;
		};
/* End PBXSourcesBuildPhase section */

/* Begin XCBuildConfiguration section */
		0ADCD6632A83277600B5B0BF /* Debug */ = {
			isa = XCBuildConfiguration;
			buildSettings = {
				ALWAYS_SEARCH_USER_PATHS = NO;
				CLANG_ANALYZER_NONNULL = YES;
				CLANG_ANALYZER_NUMBER_OBJECT_CONVERSION = YES_AGGRESSIVE;
				CLANG_CXX_LANGUAGE_STANDARD = "gnu++20";
				CLANG_ENABLE_MODULES = YES;
				CLANG_ENABLE_OBJC_ARC = YES;
				CLANG_ENABLE_OBJC_WEAK = YES;
				CLANG_WARN_BLOCK_CAPTURE_AUTORELEASING = YES;
				CLANG_WARN_BOOL_CONVERSION = YES;
				CLANG_WARN_COMMA = YES;
				CLANG_WARN_CONSTANT_CONVERSION = YES;
				CLANG_WARN_DEPRECATED_OBJC_IMPLEMENTATIONS = YES;
				CLANG_WARN_DIRECT_OBJC_ISA_USAGE = YES_ERROR;
				CLANG_WARN_DOCUMENTATION_COMMENTS = YES;
				CLANG_WARN_EMPTY_BODY = YES;
				CLANG_WARN_ENUM_CONVERSION = YES;
				CLANG_WARN_INFINITE_RECURSION = YES;
				CLANG_WARN_INT_CONVERSION = YES;
				CLANG_WARN_NON_LITERAL_NULL_CONVERSION = YES;
				CLANG_WARN_OBJC_IMPLICIT_RETAIN_SELF = YES;
				CLANG_WARN_OBJC_LITERAL_CONVERSION = YES;
				CLANG_WARN_OBJC_ROOT_CLASS = YES_ERROR;
				CLANG_WARN_QUOTED_INCLUDE_IN_FRAMEWORK_HEADER = YES;
				CLANG_WARN_RANGE_LOOP_ANALYSIS = YES;
				CLANG_WARN_STRICT_PROTOTYPES = YES;
				CLANG_WARN_SUSPICIOUS_MOVE = YES;
				CLANG_WARN_UNGUARDED_AVAILABILITY = YES_AGGRESSIVE;
				CLANG_WARN_UNREACHABLE_CODE = YES;
				CLANG_WARN__DUPLICATE_METHOD_MATCH = YES;
				COPY_PHASE_STRIP = NO;
				DEBUG_INFORMATION_FORMAT = dwarf;
				ENABLE_STRICT_OBJC_MSGSEND = YES;
				ENABLE_TESTABILITY = YES;
				GCC_C_LANGUAGE_STANDARD = gnu11;
				GCC_DYNAMIC_NO_PIC = NO;
				GCC_NO_COMMON_BLOCKS = YES;
				GCC_OPTIMIZATION_LEVEL = 0;
				GCC_PREPROCESSOR_DEFINITIONS = (
					"DEBUG=1",
					"$(inherited)",
				);
				GCC_WARN_64_TO_32_BIT_CONVERSION = YES;
				GCC_WARN_ABOUT_RETURN_TYPE = YES_ERROR;
				GCC_WARN_UNDECLARED_SELECTOR = YES;
				GCC_WARN_UNINITIALIZED_AUTOS = YES_AGGRESSIVE;
				GCC_WARN_UNUSED_FUNCTION = YES;
				GCC_WARN_UNUSED_VARIABLE = YES;
				IPHONEOS_DEPLOYMENT_TARGET = 16.2;
				MTL_ENABLE_DEBUG_INFO = INCLUDE_SOURCE;
				MTL_FAST_MATH = YES;
				ONLY_ACTIVE_ARCH = YES;
				SDKROOT = iphoneos;
				SWIFT_ACTIVE_COMPILATION_CONDITIONS = DEBUG;
				SWIFT_OPTIMIZATION_LEVEL = "-Onone";
			};
			name = Debug;
		};
		0ADCD6642A83277600B5B0BF /* Release */ = {
			isa = XCBuildConfiguration;
			buildSettings = {
				ALWAYS_SEARCH_USER_PATHS = NO;
				CLANG_ANALYZER_NONNULL = YES;
				CLANG_ANALYZER_NUMBER_OBJECT_CONVERSION = YES_AGGRESSIVE;
				CLANG_CXX_LANGUAGE_STANDARD = "gnu++20";
				CLANG_ENABLE_MODULES = YES;
				CLANG_ENABLE_OBJC_ARC = YES;
				CLANG_ENABLE_OBJC_WEAK = YES;
				CLANG_WARN_BLOCK_CAPTURE_AUTORELEASING = YES;
				CLANG_WARN_BOOL_CONVERSION = YES;
				CLANG_WARN_COMMA = YES;
				CLANG_WARN_CONSTANT_CONVERSION = YES;
				CLANG_WARN_DEPRECATED_OBJC_IMPLEMENTATIONS = YES;
				CLANG_WARN_DIRECT_OBJC_ISA_USAGE = YES_ERROR;
				CLANG_WARN_DOCUMENTATION_COMMENTS = YES;
				CLANG_WARN_EMPTY_BODY = YES;
				CLANG_WARN_ENUM_CONVERSION = YES;
				CLANG_WARN_INFINITE_RECURSION = YES;
				CLANG_WARN_INT_CONVERSION = YES;
				CLANG_WARN_NON_LITERAL_NULL_CONVERSION = YES;
				CLANG_WARN_OBJC_IMPLICIT_RETAIN_SELF = YES;
				CLANG_WARN_OBJC_LITERAL_CONVERSION = YES;
				CLANG_WARN_OBJC_ROOT_CLASS = YES_ERROR;
				CLANG_WARN_QUOTED_INCLUDE_IN_FRAMEWORK_HEADER = YES;
				CLANG_WARN_RANGE_LOOP_ANALYSIS = YES;
				CLANG_WARN_STRICT_PROTOTYPES = YES;
				CLANG_WARN_SUSPICIOUS_MOVE = YES;
				CLANG_WARN_UNGUARDED_AVAILABILITY = YES_AGGRESSIVE;
				CLANG_WARN_UNREACHABLE_CODE = YES;
				CLANG_WARN__DUPLICATE_METHOD_MATCH = YES;
				COPY_PHASE_STRIP = NO;
				DEBUG_INFORMATION_FORMAT = "dwarf-with-dsym";
				ENABLE_NS_ASSERTIONS = NO;
				ENABLE_STRICT_OBJC_MSGSEND = YES;
				GCC_C_LANGUAGE_STANDARD = gnu11;
				GCC_NO_COMMON_BLOCKS = YES;
				GCC_WARN_64_TO_32_BIT_CONVERSION = YES;
				GCC_WARN_ABOUT_RETURN_TYPE = YES_ERROR;
				GCC_WARN_UNDECLARED_SELECTOR = YES;
				GCC_WARN_UNINITIALIZED_AUTOS = YES_AGGRESSIVE;
				GCC_WARN_UNUSED_FUNCTION = YES;
				GCC_WARN_UNUSED_VARIABLE = YES;
				IPHONEOS_DEPLOYMENT_TARGET = 16.2;
				MTL_ENABLE_DEBUG_INFO = NO;
				MTL_FAST_MATH = YES;
				SDKROOT = iphoneos;
				SWIFT_COMPILATION_MODE = wholemodule;
				SWIFT_OPTIMIZATION_LEVEL = "-O";
				VALIDATE_PRODUCT = YES;
			};
			name = Release;
		};
		0ADCD6662A83277600B5B0BF /* Debug */ = {
			isa = XCBuildConfiguration;
			buildSettings = {
				ASSETCATALOG_COMPILER_APPICON_NAME = AppIcon;
				ASSETCATALOG_COMPILER_GLOBAL_ACCENT_COLOR_NAME = AccentColor;
				CODE_SIGN_STYLE = Automatic;
				CURRENT_PROJECT_VERSION = 1;
				DEVELOPMENT_ASSET_PATHS = "\"StadiumScout/Preview Content\"";
				DEVELOPMENT_TEAM = 7MPAX5WP23;
				ENABLE_PREVIEWS = YES;
				GENERATE_INFOPLIST_FILE = YES;
				INFOPLIST_FILE = StadiumScout/Info.plist;
				INFOPLIST_KEY_UIApplicationSceneManifest_Generation = YES;
				INFOPLIST_KEY_UIApplicationSupportsIndirectInputEvents = YES;
				INFOPLIST_KEY_UISupportedInterfaceOrientations = UIInterfaceOrientationPortrait;
				INFOPLIST_KEY_UISupportedInterfaceOrientations_iPad = "UIInterfaceOrientationLandscapeLeft UIInterfaceOrientationLandscapeRight UIInterfaceOrientationPortrait UIInterfaceOrientationPortraitUpsideDown";
				LD_RUNPATH_SEARCH_PATHS = (
					"$(inherited)",
					"@executable_path/Frameworks",
				);
				MARKETING_VERSION = 1.0;
				PRODUCT_BUNDLE_IDENTIFIER = com.amoghmahadevan.StadiumScout;
				PRODUCT_NAME = "$(TARGET_NAME)";
				SWIFT_EMIT_LOC_STRINGS = YES;
				SWIFT_VERSION = 5.0;
				TARGETED_DEVICE_FAMILY = "1,2";
			};
			name = Debug;
		};
		0ADCD6672A83277600B5B0BF /* Release */ = {
			isa = XCBuildConfiguration;
			buildSettings = {
				ASSETCATALOG_COMPILER_APPICON_NAME = AppIcon;
				ASSETCATALOG_COMPILER_GLOBAL_ACCENT_COLOR_NAME = AccentColor;
				CODE_SIGN_STYLE = Automatic;
				CURRENT_PROJECT_VERSION = 1;
				DEVELOPMENT_ASSET_PATHS = "\"StadiumScout/Preview Content\"";
				DEVELOPMENT_TEAM = 7MPAX5WP23;
				ENABLE_PREVIEWS = YES;
				GENERATE_INFOPLIST_FILE = YES;
				INFOPLIST_FILE = StadiumScout/Info.plist;
				INFOPLIST_KEY_UIApplicationSceneManifest_Generation = YES;
				INFOPLIST_KEY_UIApplicationSupportsIndirectInputEvents = YES;
				INFOPLIST_KEY_UISupportedInterfaceOrientations = UIInterfaceOrientationPortrait;
				INFOPLIST_KEY_UISupportedInterfaceOrientations_iPad = "UIInterfaceOrientationLandscapeLeft UIInterfaceOrientationLandscapeRight UIInterfaceOrientationPortrait UIInterfaceOrientationPortraitUpsideDown";
				LD_RUNPATH_SEARCH_PATHS = (
					"$(inherited)",
					"@executable_path/Frameworks",
				);
				MARKETING_VERSION = 1.0;
				PRODUCT_BUNDLE_IDENTIFIER = com.amoghmahadevan.StadiumScout;
				PRODUCT_NAME = "$(TARGET_NAME)";
				SWIFT_EMIT_LOC_STRINGS = YES;
				SWIFT_VERSION = 5.0;
				TARGETED_DEVICE_FAMILY = "1,2";
			};
			name = Release;
		};
/* End XCBuildConfiguration section */

/* Begin XCConfigurationList section */
		0ADCD6522A83277400B5B0BF /* Build configuration list for PBXProject "StadiumScout" */ = {
			isa = XCConfigurationList;
			buildConfigurations = (
				0ADCD6632A83277600B5B0BF /* Debug */,
				0ADCD6642A83277600B5B0BF /* Release */,
			);
			defaultConfigurationIsVisible = 0;
			defaultConfigurationName = Release;
		};
		0ADCD6652A83277600B5B0BF /* Build configuration list for PBXNativeTarget "StadiumScout" */ = {
			isa = XCConfigurationList;
			buildConfigurations = (
				0ADCD6662A83277600B5B0BF /* Debug */,
				0ADCD6672A83277600B5B0BF /* Release */,
			);
			defaultConfigurationIsVisible = 0;
			defaultConfigurationName = Release;
		};
/* End XCConfigurationList section */
	};
	rootObject = 0ADCD64F2A83277400B5B0BF /* Project object */;
}
